
Microsoft Visual Studio Solution File, Format Version 12.00
# Visual Studio Version 16
VisualStudioVersion = 16.0.31112.23
MinimumVisualStudioVersion = 10.0.40219.1
Project("{FAE04EC0-301F-11D3-BF4B-00C04F79EFBC}") = "ZaloAPI", "ZaloAPI\ZaloAPI.csproj", "{07DC7B68-46C0-487E-935F-D3DD796F12CD}"
EndProject
Global
	GlobalSection(SolutionConfigurationPlatforms) = preSolution
		Debug|Any CPU = Debug|Any CPU
		Release|Any CPU = Release|Any CPU
	EndGlobalSection
	GlobalSection(ProjectConfigurationPlatforms) = postSolution
		{07DC7B68-46C0-487E-935F-D3DD796F12CD}.Debug|Any CPU.ActiveCfg = Debug|Any CPU
		{07DC7B68-46C0-487E-935F-D3DD796F12CD}.Debug|Any CPU.Build.0 = Debug|Any CPU
		{07DC7B68-46C0-487E-935F-D3DD796F12CD}.Release|Any CPU.ActiveCfg = Release|Any CPU
		{07DC7B68-46C0-487E-935F-D3DD796F12CD}.Release|Any CPU.Build.0 = Release|Any CPU
	EndGlobalSection
	GlobalSection(SolutionProperties) = preSolution
		HideSolutionNode = FALSE
	EndGlobalSection
	GlobalSection(ExtensibilityGlobals) = postSolution
		SolutionGuid = {5DD066B6-4927-4F5B-A458-BCDB72490933}
	EndGlobalSection
EndGlobal
